{
  "version": "5",
  "specifiers": {
    "jsr:@hono/hono@^4.13.2": "4.13.2",
    "jsr:@std/assert@1.0.19": "1.0.19",
    "jsr:@std/assert@^1.0.19": "1.0.19",
    "jsr:@std/internal@^1.0.12": "1.0.14",
    "npm:@aws-sdk/client-s3@3.1116.0": "3.1116.0",
    "npm:@aws-sdk/s3-request-presigner@3.1116.0": "3.1116.0",
    "npm:@better-auth/core@1.7.2": "1.7.2_@better-auth+utils@0.4.2_@better-fetch+fetch@1.3.1_@opentelemetry+api@1.9.1_better-call@1.4.0__zod@4.4.3_jose@6.2.12_kysely@0.29.5_nanostores@1.5.3",
    "npm:@better-auth/mcp@1.7.2": "1.7.2_@better-auth+core@1.7.2__@better-auth+utils@0.4.2__@better-fetch+fetch@1.3.1__@opentelemetry+api@1.9.1__better-call@1.4.0___zod@4.4.3__jose@6.2.12__kysely@0.29.5__nanostores@1.5.3_better-auth@1.7.2__pg@8.23.0__@opentelemetry+api@1.9.1_better-call@1.4.0__zod@4.4.3_@better-auth+utils@0.4.2_@better-fetch+fetch@1.3.1_@opentelemetry+api@1.9.1_kysely@0.29.5_nanostores@1.5.3_pg@8.23.0_zod@4.4.3",
    "npm:@modelcontextprotocol/client@2.0.0": "2.0.0",
    "npm:@modelcontextprotocol/server@2.0.0": "2.0.0",
    "npm:@opentelemetry/api@1": "1.9.1",
    "npm:ajv@8.20.0": "8.20.0",
    "npm:better-auth@1.7.2": "1.7.2_pg@8.23.0_@opentelemetry+api@1.9.1",
    "npm:bullmq@6.1.2": "6.1.2_ioredis@5.11.1_pg@8.23.0",
    "npm:ioredis@5.11.1": "5.11.1",
    "npm:kysely@~0.29.5": "0.29.5",
    "npm:pg@8.23.0": "8.23.0",
    "npm:pg@^8.23.0": "8.23.0",
    "npm:zod@4.4.3": "4.4.3"
  },
  "jsr": {
    "@hono/hono@4.13.2": {
      "integrity": "715d8cc1b6b5d6b9e6a7519059778d775b2d79fffdc026ac0ccdd9971e75809c"
    },
    "@std/assert@1.0.19": {
      "integrity": "eaada96ee120cb980bc47e040f82814d786fe8162ecc53c91d8df60b8755991e",
      "dependencies": [
        "jsr:@std/internal"
      ]
    },
    "@std/internal@1.0.14": {
      "integrity": "291516b3d4c35024d6ffbc0a9df5bf4c64116e05b50012cf846710152d2ffdf7"
    }
  },
  "npm": {
    "@aws-sdk/checksums@3.1000.29": {
      "integrity": "sha512-Dtu0gr4dnATZAPwEYbpCsG+MpLM7OAliy2gTepEFQwl1vZ6DL3QMH2FveMa3HLvPsOdhJsPRB3KtxVhph9T75A==",
      "dependencies": [
        "@aws-sdk/core",
        "@aws-sdk/types",
        "@smithy/core",
        "@smithy/types",
        "tslib"
      ]
    },
    "@aws-sdk/client-s3@3.1116.0": {
      "integrity": "sha512-UKRl9qSVW0rZpvSOauQNpYAy8+ONBAVYnpfKVtCyOF+FZVT1tl6MunYuHvuarCrroD2/YJs+tHTALYNgAlec3Q==",
      "dependencies": [
        "@aws-sdk/checksums",
        "@aws-sdk/core",
        "@aws-sdk/credential-provider-node",
        "@aws-sdk/middleware-sdk-s3",
        "@aws-sdk/signature-v4-multi-region",
        "@aws-sdk/types",
        "@smithy/core",
        "@smithy/fetch-http-handler",
        "@smithy/node-http-handler",
        "@smithy/types",
        "tslib"
      ]
    },
    "@aws-sdk/core@3.977.9": {
      "integrity": "sha512-reqPFEQrZxDZpeGj4PFMepBeR5LGYHRqq/L0motTzgFkCRBA4rFdaVXDSLYyGHhxVz7sT2PDnPN9CluGSfgyJA==",
      "dependencies": [
        "@aws-sdk/types",
        "@aws-sdk/xml-builder",
        "@aws/lambda-invoke-store",
        "@smithy/core",
        "@smithy/signature-v4",
        "@smithy/types",
        "bowser",
        "tslib"
      ]
    },
    "@aws-sdk/credential-provider-env@3.972.70": {
      "integrity": "sha512-H404B7dJl2mCrBqahDEYsanB0xhdDp6tXnXcTUnXmmpy2Q3J0Ho0bUajZ2jr/RdwzCyS59Gi8xXIFwPLGBl6Uw==",
      "dependencies": [
        "@aws-sdk/core",
        "@aws-sdk/types",
        "@smithy/core",
        "@smithy/types",
        "tslib"
      ]
    },
    "@aws-sdk/credential-provider-http@3.972.72": {
      "integrity": "sha512-X98zYOrVOeuosCX+6ktf29FC2N2GHPLia7qv6mzPzTc+RPAuHWCDS++Z6JK7eGYqb/v6uaW7bAXaOvDBfol+0w==",
      "dependencies": [
        "@aws-sdk/core",
        "@aws-sdk/types",
        "@smithy/core",
        "@smithy/fetch-http-handler",
        "@smithy/node-http-handler",
        "@smithy/types",
        "tslib"
      ]
    },
    "@aws-sdk/credential-provider-ini@3.973.15": {
      "integrity": "sha512-Rykg6s5ceBuynMOGWgoowO4N+27JfnqXAnVaSunZl0hOO1XodSrxGNz6sCEbnmS0lAfQZDKyb3fbr46gSuv6Sg==",
      "dependencies": [
        "@aws-sdk/core",
        "@aws-sdk/credential-provider-env",
        "@aws-sdk/credential-provider-http",
        "@aws-sdk/credential-provider-login",
        "@aws-sdk/credential-provider-process",
        "@aws-sdk/credential-provider-sso",
        "@aws-sdk/credential-provider-web-identity",
        "@aws-sdk/nested-clients",
        "@aws-sdk/types",
        "@smithy/core",
        "@smithy/credential-provider-imds",
        "@smithy/types",
        "tslib"
      ]
    },
    "@aws-sdk/credential-provider-login@3.972.77": {
      "integrity": "sha512-Jb59xfEISoN5mmbnA+HYqdtrSX3CgCtJoof+V5D8/TgUI56W63GEEd5Y58WijU3Ou6+WEgaLD1feVzaRXV5IDQ==",
      "dependencies": [
        "@aws-sdk/core",
        "@aws-sdk/nested-clients",
        "@aws-sdk/types",
        "@smithy/core",
        "@smithy/types",
        "tslib"
      ]
    },
    "@aws-sdk/credential-provider-node@3.972.81": {
      "integrity": "sha512-Rml+WitoFvXmv6JZ18U/xGdGDGGvB/mOin0ya0lTnTrdC0Z1lrVxTYh7iNklZBcvcRMrs4DoEf6xy1KWyrLQQw==",
      "dependencies": [
        "@aws-sdk/credential-provider-env",
        "@aws-sdk/credential-provider-http",
        "@aws-sdk/credential-provider-ini",
        "@aws-sdk/credential-provider-process",
        "@aws-sdk/credential-provider-sso",
        "@aws-sdk/credential-provider-web-identity",
        "@aws-sdk/types",
        "@smithy/core",
        "@smithy/credential-provider-imds",
        "@smithy/types",
        "tslib"
      ]
    },
    "@aws-sdk/credential-provider-process@3.972.70": {
      "integrity": "sha512-2ry03fGRJr4sV3jI+ocjj5JqALnFD6ymM5KiNCDZMvq8bX2GSbE0vji4aM43TVCl2nXqqLRZaUxdq/KeWRAY4Q==",
      "dependencies": [
        "@aws-sdk/core",
        "@aws-sdk/types",
        "@smithy/core",
        "@smithy/types",
        "tslib"
      ]
    },
    "@aws-sdk/credential-provider-sso@3.973.14": {
      "integrity": "sha512-jkhg/8ocAAoc0RFyLMhCw+/zZh7gystQgd4F4hznNa8P4Cc501PQmxd+jGLiMHodPJ+7Zv/3znM62gZojyasmA==",
      "dependencies": [
        "@aws-sdk/core",
        "@aws-sdk/nested-clients",
        "@aws-sdk/token-providers",
        "@aws-sdk/types",
        "@smithy/core",
        "@smithy/types",
        "tslib"
      ]
    },
    "@aws-sdk/credential-provider-web-identity@3.972.76": {
      "integrity": "sha512-d3AGyVu759PGr35mEB2s22xxlNEA5rpdxtSPJthfPFJvoQ8dt357iVPECqWfUxXp1toJAvKmbtcIYVGigaGsCA==",
      "dependencies": [
        "@aws-sdk/core",
        "@aws-sdk/nested-clients",
        "@aws-sdk/types",
        "@smithy/core",
        "@smithy/types",
        "tslib"
      ]
    },
    "@aws-sdk/middleware-sdk-s3@3.972.75": {
      "integrity": "sha512-wMIsNumRVKaNMKhvU/s9VrdEwE8S6gSzXp4RygFG5BEMnGkkXf8cjh8zf7cKJBpUDpqTWqwbz5isEgp9rH6Lng==",
      "dependencies": [
        "@aws-sdk/core",
        "@aws-sdk/signature-v4-multi-region",
        "@aws-sdk/types",
        "@smithy/core",
        "@smithy/types",
        "tslib"
      ]
    },
    "@aws-sdk/nested-clients@3.997.44": {
      "integrity": "sha512-NhEgryjlBF9w38ZXqGymQV28IhkYa1mKhlbYnqIis57AYwWGVYfUPgg/qC2rLRqOUfblxx++irvju10kVTa8Vw==",
      "dependencies": [
        "@aws-sdk/core",
        "@aws-sdk/signature-v4-multi-region",
        "@aws-sdk/types",
        "@smithy/core",
        "@smithy/fetch-http-handler",
        "@smithy/node-http-handler",
        "@smithy/types",
        "tslib"
      ]
    },
    "@aws-sdk/s3-request-presigner@3.1116.0": {
      "integrity": "sha512-WwaaVpvrZyML5L8SNY7sUGsYlMeCHzQ/8A/ms7dz/7sfYRvPn+qf0OasUWk+zuT8qGwjsYhILD0WVtlqUU08pQ==",
      "dependencies": [
        "@aws-sdk/core",
        "@aws-sdk/signature-v4-multi-region",
        "@aws-sdk/types",
        "@smithy/core",
        "@smithy/types",
        "tslib"
      ]
    },
    "@aws-sdk/signature-v4-multi-region@3.996.46": {
      "integrity": "sha512-L+2xZTye/2T96f3lwCws0Zw6GG2JHZW9e8FpVgGBeeExSKyeoZ6CWRpBml/7DNiK/O26jrgPM9F+Ay8VkgzUWQ==",
      "dependencies": [
        "@aws-sdk/types",
        "@smithy/signature-v4",
        "@smithy/types",
        "tslib"
      ]
    },
    "@aws-sdk/token-providers@3.1116.0": {
      "integrity": "sha512-ygIivKqh8aHzNkucOCXHyIBgBpLPfrSI0mCqXF+vLBsPTUKqj0VSqAY0GFPe7lQl4HntjOcQ+KSyS7oUV2C54Q==",
      "dependencies": [
        "@aws-sdk/core",
        "@aws-sdk/nested-clients",
        "@aws-sdk/types",
        "@smithy/core",
        "@smithy/types",
        "tslib"
      ]
    },
    "@aws-sdk/types@3.974.5": {
      "integrity": "sha512-LkwLL2BLbC6wNNm4JaH9mbEqBMdOZCct6VAYqhdN4U1xrWM+fUJQEfbHwQgDypapOWTRtlk25akb5afM0P8CIQ==",
      "dependencies": [
        "@smithy/types",
        "tslib"
      ]
    },
    "@aws-sdk/xml-builder@3.972.40": {
      "integrity": "sha512-wlFmCIGUlwF4zx/kncw+bmxTQh1HeSJq4mYV/V5cZUSJadDP3kXvGW8Rn21cimj/7y9ju+47oYWXi97vF7czaA==",
      "dependencies": [
        "@smithy/types",
        "tslib"
      ]
    },
    "@aws/lambda-invoke-store@0.3.0": {
      "integrity": "sha512-sl4Bm6yiMNYrZKkqqDFWN0UfnWhlS8ivKxrYl+6t0gCLrqr8y3B2IqZZbFRkfaVVp7C/baApyh71P+LeE1A2sQ=="
    },
    "@better-auth/core@1.7.2_@better-auth+utils@0.4.2_@better-fetch+fetch@1.3.1_@opentelemetry+api@1.9.1_better-call@1.4.0__zod@4.4.3_jose@6.2.12_kysely@0.29.5_nanostores@1.5.3": {
      "integrity": "sha512-j0nM4ygsWbF/fcYRoKtDn8gn8uLXkmC+075HqSqsJEAV828cJR9bvYBCUQ1zmxNyRBk6Iz/qXsA0Zm2oksiOTg==",
      "dependencies": [
        "@better-auth/utils@0.4.2",
        "@better-fetch/fetch",
        "@opentelemetry/api",
        "@opentelemetry/semantic-conventions",
        "@standard-schema/spec",
        "better-call",
        "jose",
        "kysely",
        "nanostores",
        "zod"
      ],
      "optionalPeers": [
        "@opentelemetry/api"
      ]
    },
    "@better-auth/drizzle-adapter@1.7.2_@better-auth+core@1.7.2__@better-auth+utils@0.4.2__@better-fetch+fetch@1.3.1__@opentelemetry+api@1.9.1__better-call@1.4.0___zod@4.4.3__jose@6.2.12__kysely@0.29.5__nanostores@1.5.3_@better-auth+utils@0.4.2_@better-fetch+fetch@1.3.1_@opentelemetry+api@1.9.1_better-call@1.4.0__zod@4.4.3_jose@6.2.12_kysely@0.29.5_nanostores@1.5.3": {
      "integrity": "sha512-A5wE10PIv3aS5LGePecEHntQylKy6OOF17B4dqlE0DwJeqU/IOBSd7/LZhMop9cNJ3WFjKMpazVSf91yYM/NFg==",
      "dependencies": [
        "@better-auth/core@1.7.2_@better-auth+utils@0.4.2_@better-fetch+fetch@1.3.1_@opentelemetry+api@1.9.1_better-call@1.4.0__zod@4.4.3_jose@6.2.12_kysely@0.29.5_nanostores@1.5.3",
        "@better-auth/utils@0.4.2"
      ]
    },
    "@better-auth/kysely-adapter@1.7.2_@better-auth+core@1.7.2__@better-auth+utils@0.4.2__@better-fetch+fetch@1.3.1__@opentelemetry+api@1.9.1__better-call@1.4.0___zod@4.4.3__jose@6.2.12__kysely@0.29.5__nanostores@1.5.3_@better-auth+utils@0.4.2_kysely@0.29.5_@better-fetch+fetch@1.3.1_@opentelemetry+api@1.9.1_better-call@1.4.0__zod@4.4.3_jose@6.2.12_nanostores@1.5.3": {
      "integrity": "sha512-LYdSRLOvZiF+6S0UThu+wE/Qxsq9P2jQs7ZKkY6BIBJqUjYyxVDmi8HFcantBvWWW1/BeQCSsD7YVDG4gICMIQ==",
      "dependencies": [
        "@better-auth/core@1.7.2_@better-auth+utils@0.4.2_@better-fetch+fetch@1.3.1_@opentelemetry+api@1.9.1_better-call@1.4.0__zod@4.4.3_jose@6.2.12_kysely@0.29.5_nanostores@1.5.3",
        "@better-auth/utils@0.4.2",
        "kysely"
      ],
      "optionalPeers": [
        "kysely"
      ]
    },
    "@better-auth/mcp@1.7.2_@better-auth+core@1.7.2__@better-auth+utils@0.4.2__@better-fetch+fetch@1.3.1__@opentelemetry+api@1.9.1__better-call@1.4.0___zod@4.4.3__jose@6.2.12__kysely@0.29.5__nanostores@1.5.3_better-auth@1.7.2__pg@8.23.0__@opentelemetry+api@1.9.1_better-call@1.4.0__zod@4.4.3_@better-auth+utils@0.4.2_@better-fetch+fetch@1.3.1_@opentelemetry+api@1.9.1_kysely@0.29.5_nanostores@1.5.3_pg@8.23.0_zod@4.4.3": {
      "integrity": "sha512-2Ge+r7OZyxHoZ+v5d7MBDaNhubNs8PW+HkIIrmb+zhIEqBZH47sqA1oGCbBXqVP4/J1ABei+mbF+uDumIOC39g==",
      "dependencies": [
        "@better-auth/core@1.7.2_@better-auth+utils@0.4.2_@better-fetch+fetch@1.3.1_@opentelemetry+api@1.9.1_better-call@1.4.0__zod@4.4.3_jose@6.2.12_kysely@0.29.5_nanostores@1.5.3",
        "@better-auth/oauth-provider",
        "better-auth@1.7.2_pg@8.23.0_@opentelemetry+api@1.9.1",
        "better-call",
        "jose"
      ]
    },
    "@better-auth/memory-adapter@1.7.2_@better-auth+core@1.7.2__@better-auth+utils@0.4.2__@better-fetch+fetch@1.3.1__@opentelemetry+api@1.9.1__better-call@1.4.0___zod@4.4.3__jose@6.2.12__kysely@0.29.5__nanostores@1.5.3_@better-auth+utils@0.4.2_@better-fetch+fetch@1.3.1_@opentelemetry+api@1.9.1_better-call@1.4.0__zod@4.4.3_jose@6.2.12_kysely@0.29.5_nanostores@1.5.3": {
      "integrity": "sha512-0q1SXMzm5esH9L0xVuM6IxCk59E4G+3HySX4My9gvEwqtmUobykn+iuc/si3Y4xwUO7JODqQ5o+/pPcLDDMIrA==",
      "dependencies": [
        "@better-auth/core@1.7.2_@better-auth+utils@0.4.2_@better-fetch+fetch@1.3.1_@opentelemetry+api@1.9.1_better-call@1.4.0__zod@4.4.3_jose@6.2.12_kysely@0.29.5_nanostores@1.5.3",
        "@better-auth/utils@0.4.2"
      ]
    },
    "@better-auth/mongo-adapter@1.7.2_@better-auth+core@1.7.2__@better-auth+utils@0.4.2__@better-fetch+fetch@1.3.1__@opentelemetry+api@1.9.1__better-call@1.4.0___zod@4.4.3__jose@6.2.12__kysely@0.29.5__nanostores@1.5.3_@better-auth+utils@0.4.2_@better-fetch+fetch@1.3.1_@opentelemetry+api@1.9.1_better-call@1.4.0__zod@4.4.3_jose@6.2.12_kysely@0.29.5_nanostores@1.5.3": {
      "integrity": "sha512-4879SmUWHUs0OYlvHoCFbycZ7i1bqytkcgAUdt9RLQMvZ5H3LRMTgax2YVlGZEXgwNjY/X7xAoXOecWLhlQWeA==",
      "dependencies": [
        "@better-auth/core@1.7.2_@better-auth+utils@0.4.2_@better-fetch+fetch@1.3.1_@opentelemetry+api@1.9.1_better-call@1.4.0__zod@4.4.3_jose@6.2.12_kysely@0.29.5_nanostores@1.5.3",
        "@better-auth/utils@0.4.2"
      ]
    },
    "@better-auth/oauth-provider@1.7.2_@better-auth+core@1.7.2__@better-auth+utils@0.4.2__@better-fetch+fetch@1.3.1__@opentelemetry+api@1.9.1__better-call@1.4.0___zod@4.4.3__jose@6.2.12__kysely@0.29.5__nanostores@1.5.3_@better-auth+utils@0.4.2_@better-fetch+fetch@1.3.1_better-auth@1.7.2__pg@8.23.0__@opentelemetry+api@1.9.1_better-call@1.4.0__zod@4.4.3_@opentelemetry+api@1.9.1_kysely@0.29.5_nanostores@1.5.3_pg@8.23.0": {
      "integrity": "sha512-td7FnUz3lLKXFXN+0RbZe3ygaHqxpRqDG+gxbfSZbztbVfG7vuZtR4ba3uccsodAw7anchhIg2xwVP1/zlcxcw==",
      "dependencies": [
        "@better-auth/core@1.7.2_@better-auth+utils@0.4.2_@better-fetch+fetch@1.3.1_@opentelemetry+api@1.9.1_better-call@1.4.0__zod@4.4.3_jose@6.2.12_kysely@0.29.5_nanostores@1.5.3",
        "@better-auth/utils@0.4.2",
        "@better-fetch/fetch",
        "better-auth@1.7.2_pg@8.23.0_@opentelemetry+api@1.9.1",
        "better-call",
        "jose",
        "zod"
      ]
    },
    "@better-auth/prisma-adapter@1.7.2_@better-auth+core@1.7.2__@better-auth+utils@0.4.2__@better-fetch+fetch@1.3.1__@opentelemetry+api@1.9.1__better-call@1.4.0___zod@4.4.3__jose@6.2.12__kysely@0.29.5__nanostores@1.5.3_@better-auth+utils@0.4.2_@better-fetch+fetch@1.3.1_@opentelemetry+api@1.9.1_better-call@1.4.0__zod@4.4.3_jose@6.2.12_kysely@0.29.5_nanostores@1.5.3": {
      "integrity": "sha512-mXTr/83WrNWLrvzIjtgDgdu9iXhOcSG1+qBQOAKlbGSFiOB+z4IMRneQ2wmMOiB8mKY9qGkClVUjKRFXqtHnFQ==",
      "dependencies": [
        "@better-auth/core@1.7.2_@better-auth+utils@0.4.2_@better-fetch+fetch@1.3.1_@opentelemetry+api@1.9.1_better-call@1.4.0__zod@4.4.3_jose@6.2.12_kysely@0.29.5_nanostores@1.5.3",
        "@better-auth/utils@0.4.2"
      ]
    },
    "@better-auth/telemetry@1.7.2_@better-auth+core@1.7.2__@better-auth+utils@0.4.2__@better-fetch+fetch@1.3.1__@opentelemetry+api@1.9.1__better-call@1.4.0___zod@4.4.3__jose@6.2.12__kysely@0.29.5__nanostores@1.5.3_@better-auth+utils@0.4.2_@better-fetch+fetch@1.3.1_@opentelemetry+api@1.9.1_better-call@1.4.0__zod@4.4.3_jose@6.2.12_kysely@0.29.5_nanostores@1.5.3": {
      "integrity": "sha512-LcWu+O0zrxYDQj8E36vfkJwGPW4k9ZDA/rCo0zST6ihzL+juR7pBowoZIM9E6tK0Vit52mf6412bGT4XM4eTjQ==",
      "dependencies": [
        "@better-auth/core@1.7.2_@better-auth+utils@0.4.2_@better-fetch+fetch@1.3.1_@opentelemetry+api@1.9.1_better-call@1.4.0__zod@4.4.3_jose@6.2.12_kysely@0.29.5_nanostores@1.5.3",
        "@better-auth/utils@0.4.2",
        "@better-fetch/fetch"
      ]
    },
    "@better-auth/utils@0.4.2": {
      "integrity": "sha512-AUxrvu+HaaODsUyzDxFgwd/8RZ1yZaYo42LXKSrU2oGgR38pS1ij8nqQKNgtTWoYGpNevNXtCfgTy6loHveW9A==",
      "dependencies": [
        "@noble/hashes"
      ]
    },
    "@better-auth/utils@0.5.0": {
      "integrity": "sha512-BL8W4EfIZFwlu0r54m3v1ztjDhu6dDe/amLTm0xybmbZaNgYUqhD3SjpAsnq0q8YD6/ki4iwIgxJNLP/N3TxiA==",
      "dependencies": [
        "@noble/hashes"
      ]
    },
    "@better-fetch/fetch@1.3.1": {
      "integrity": "sha512-ABkD1WhyfPZprKRQI3bhATjeiFuNWC9PXhfGWqL+sg/gKrM977oFrYkdb4msM3hgUGonr7KlOsOFT5TU2rht9g=="
    },
    "@ioredis/commands@1.10.0": {
      "integrity": "sha512-UmeW7z4LfctwoQ5wkhVzgq8tXkreED2xZGpX+Bg+zA+WJFZCT6c062AfCK/Dfk81xZnnwdhJCUMkitihRaoC2Q=="
    },
    "@modelcontextprotocol/client@2.0.0": {
      "integrity": "sha512-8f1OghQ2rjzIOfqgUCP+8GiUWqRs89njoWLNqAe8kWmDePv3s1fZXseej+QXemssEuuOvLLmLO/kqM3IQHtISw==",
      "dependencies": [
        "@modelcontextprotocol/core",
        "cross-spawn",
        "eventsource",
        "eventsource-parser",
        "jose",
        "pkce-challenge",
        "zod"
      ]
    },
    "@modelcontextprotocol/core@2.0.0": {
      "integrity": "sha512-pJCEwGG7Lfr/+PQp9ZTwKXNeO5wzbfKL7H3MYpCorM4oFBoQrdjnBgEoqG+RjhsvS1FKrDbKux+M1HhlnGWqcA==",
      "dependencies": [
        "zod"
      ]
    },
    "@modelcontextprotocol/server@2.0.0": {
      "integrity": "sha512-YhHWdHfpFMQfd0prsEnxKeS3Qz3ytIGmsS0sth4KDjnacIT7hxk6hXHkJ9KysxlkvTM+WZAtQbbcUhdoP4Hvtw==",
      "dependencies": [
        "@modelcontextprotocol/core",
        "zod"
      ]
    },
    "@msgpackr-extract/msgpackr-extract-darwin-arm64@3.0.4": {
      "integrity": "sha512-LCkGo6JDfaBhgST7UpPWgNgLINpcpabaHfyz5OBx75nUYxBsaEPxjnyNjWpeb/xBup/682QnBfRBy2/LvPutZQ==",
      "os": [
        "darwin"
      ],
      "cpu": [
        "arm64"
      ]
    },
    "@msgpackr-extract/msgpackr-extract-darwin-x64@3.0.4": {
      "integrity": "sha512-zExlW9zUJKZH/tOtVMttwjKa4Xm/3KcNjnE3dPN92uCktwavMxpgCA3MoJK/DOnTWsQgo224OaST27/mPNAf+w==",
      "os": [
        "darwin"
      ],
      "cpu": [
        "x64"
      ]
    },
    "@msgpackr-extract/msgpackr-extract-linux-arm64@3.0.4": {
      "integrity": "sha512-dgX0P/9wGPJeHFBG+ZmhgE6bmtMt7NP5CRBGyyktpopdk/mW4POnrpQsSLtKI1dwpc+pPLuXHDh6vvskyQE/sw==",
      "os": [
        "linux"
      ],
      "cpu": [
        "arm64"
      ]
    },
    "@msgpackr-extract/msgpackr-extract-linux-arm@3.0.4": {
      "integrity": "sha512-Tg3yX65f5GbtXLkrYEHE5oibZG9epyYWas7FogTTEJeDEF9JlXJzKgXaNhT3UXlTOeA+AfZpYZYZ0uPj7Cfquw==",
      "os": [
        "linux"
      ],
      "cpu": [
        "arm"
      ]
    },
    "@msgpackr-extract/msgpackr-extract-linux-x64@3.0.4": {
      "integrity": "sha512-8TNXMEjJc3QEy7R/x1INhgiU+XakDAFUzBhaz7+Rbrs8NH5UQeHQxxmzsSBJGyV6I1jW79undiQm8tOI+D+8FQ==",
      "os": [
        "linux"
      ],
      "cpu": [
        "x64"
      ]
    },
    "@msgpackr-extract/msgpackr-extract-win32-x64@3.0.4": {
      "integrity": "sha512-CmCXPQrkbwExx3j946/PtHWHbYJiCRBRDl4BlkRQcJB/YOwQxJRTpoo7aTsortjgoJ1x7opzTSxn7C+ASSLVjQ==",
      "os": [
        "win32"
      ],
      "cpu": [
        "x64"
      ]
    },
    "@noble/ciphers@2.4.0": {
      "integrity": "sha512-AnjFn0Jv92laAkvMrghlFZq4qQCIN/4DxFV/eooqtC2YTjB7kBeLMS2T9KJX4Dn+ZVXLOwK0lSgqDtx9gvxtiw=="
    },
    "@noble/hashes@2.4.0": {
      "integrity": "sha512-X5XaVWZIBCT7HHZGm5I7ZQXDwLG+bGXuSrMQAW+7Zvl87h1kmc1ZB1VSRJcpUfoUrGQp4Fkoxm5kZ+Ms+aW+eA=="
    },
    "@opentelemetry/api@1.9.1": {
      "integrity": "sha512-gLyJlPHPZYdAk1JENA9LeHejZe1Ti77/pTeFm/nMXmQH/HFZlcS/O2XJB+L8fkbrNSqhdtlvjBVjxwUYanNH5Q=="
    },
    "@opentelemetry/semantic-conventions@1.43.0": {
      "integrity": "sha512-eSYWTm620tTk45EKSedaUL8MFYI8hW164hIXsgIHyxu3VobUB3fFCu5t0hQby6OoWRPsG1KkKUG2M5UadiLiVg=="
    },
    "@smithy/core@3.33.3": {
      "integrity": "sha512-CsOeKq/9kA3y6VJHt+/+VTCtBaxJ4OTFpgrjIUhPpDIKxBci1k2bJaQASF2h/ELWrulGp+t97DZ0mevfAD8idg==",
      "dependencies": [
        "@smithy/types",
        "tslib"
      ]
    },
    "@smithy/credential-provider-imds@4.5.2": {
      "integrity": "sha512-A9uSdn72ozbRUSit0eib0TW7nXuNPlaeM0zcGkJ+nE6tFcSDbnmtwoxbTCFBukVQcszDAyvsd7+rTduPTXpygg==",
      "dependencies": [
        "@smithy/core",
        "@smithy/types",
        "tslib"
      ]
    },
    "@smithy/fetch-http-handler@5.7.2": {
      "integrity": "sha512-nZyWTmSpJEXl6VtWVMBJve/7x12DZu6sIX1z1a+ZMaHlQQRs9Zpu6NbTe/gmxYXVRpkjxyDYpZ5gx2IM6f/Wkw==",
      "dependencies": [
        "@smithy/core",
        "@smithy/types",
        "tslib"
      ]
    },
    "@smithy/node-http-handler@4.11.3": {
      "integrity": "sha512-2jY1tSpERfPfWqyBV2pH+iGFaghVsIJszJNsT7hxtQYhVJpWDyc0LqOWI+nXOxOAHaEfZ4PXXtp1wW1TGpHhkA==",
      "dependencies": [
        "@smithy/core",
        "@smithy/types",
        "tslib"
      ]
    },
    "@smithy/signature-v4@5.7.3": {
      "integrity": "sha512-7ImGm+FkHRLcBaRttIAMZ6bzJZWb2cJGoYjq46F2UjycujWzrL9GEN9h4w7eQyXJYnltrUhxbbieBAIRrdqpow==",
      "dependencies": [
        "@smithy/core",
        "@smithy/types",
        "tslib"
      ]
    },
    "@smithy/types@4.17.2": {
      "integrity": "sha512-FOKpVZob9MPTn2znRzGrnsMHv7BOsKVw3XiP/cOyYLDVZ9qKp4nifIiSCuUU/fIj5Vu0UOAxCFr+qRAtG0NUkA==",
      "dependencies": [
        "tslib"
      ]
    },
    "@standard-schema/spec@1.1.0": {
      "integrity": "sha512-l2aFy5jALhniG5HgqrD6jXLi/rUWrKvqN/qJx6yoJsgKhblVd+iqqU4RCXavm/jPityDo5TCvKMnpjKnOriy0w=="
    },
    "ajv@8.20.0": {
      "integrity": "sha512-Thbli+OlOj+iMPYFBVBfJ3OmCAnaSyNn4M1vz9T6Gka5Jt9ba/HIR56joy65tY6kx/FCF5VXNB819Y7/GUrBGA==",
      "dependencies": [
        "fast-deep-equal",
        "fast-uri",
        "json-schema-traverse",
        "require-from-string"
      ]
    },
    "better-auth@1.7.2_pg@8.23.0_@opentelemetry+api@1.9.1": {
      "integrity": "sha512-gKapKBEvYIGcMxi74RjQ7EbFLiqyQt58vdoJmL1qAlWSkY1Bc2Vqshl524/3u1NxauiOU03M/Ebh762Brmac9A==",
      "dependencies": [
        "@better-auth/core@1.7.2_@better-auth+utils@0.4.2_@better-fetch+fetch@1.3.1_@opentelemetry+api@1.9.1_better-call@1.4.0__zod@4.4.3_jose@6.2.12_kysely@0.29.5_nanostores@1.5.3",
        "@better-auth/drizzle-adapter@1.7.2_@better-auth+core@1.7.2__@better-auth+utils@0.4.2__@better-fetch+fetch@1.3.1__@opentelemetry+api@1.9.1__better-call@1.4.0___zod@4.4.3__jose@6.2.12__kysely@0.29.5__nanostores@1.5.3_@better-auth+utils@0.4.2_@better-fetch+fetch@1.3.1_@opentelemetry+api@1.9.1_better-call@1.4.0__zod@4.4.3_jose@6.2.12_kysely@0.29.5_nanostores@1.5.3",
        "@better-auth/kysely-adapter@1.7.2_@better-auth+core@1.7.2__@better-auth+utils@0.4.2__@better-fetch+fetch@1.3.1__@opentelemetry+api@1.9.1__better-call@1.4.0___zod@4.4.3__jose@6.2.12__kysely@0.29.5__nanostores@1.5.3_@better-auth+utils@0.4.2_kysely@0.29.5_@better-fetch+fetch@1.3.1_@opentelemetry+api@1.9.1_better-call@1.4.0__zod@4.4.3_jose@6.2.12_nanostores@1.5.3",
        "@better-auth/memory-adapter@1.7.2_@better-auth+core@1.7.2__@better-auth+utils@0.4.2__@better-fetch+fetch@1.3.1__@opentelemetry+api@1.9.1__better-call@1.4.0___zod@4.4.3__jose@6.2.12__kysely@0.29.5__nanostores@1.5.3_@better-auth+utils@0.4.2_@better-fetch+fetch@1.3.1_@opentelemetry+api@1.9.1_better-call@1.4.0__zod@4.4.3_jose@6.2.12_kysely@0.29.5_nanostores@1.5.3",
        "@better-auth/mongo-adapter@1.7.2_@better-auth+core@1.7.2__@better-auth+utils@0.4.2__@better-fetch+fetch@1.3.1__@opentelemetry+api@1.9.1__better-call@1.4.0___zod@4.4.3__jose@6.2.12__kysely@0.29.5__nanostores@1.5.3_@better-auth+utils@0.4.2_@better-fetch+fetch@1.3.1_@opentelemetry+api@1.9.1_better-call@1.4.0__zod@4.4.3_jose@6.2.12_kysely@0.29.5_nanostores@1.5.3",
        "@better-auth/prisma-adapter@1.7.2_@better-auth+core@1.7.2__@better-auth+utils@0.4.2__@better-fetch+fetch@1.3.1__@opentelemetry+api@1.9.1__better-call@1.4.0___zod@4.4.3__jose@6.2.12__kysely@0.29.5__nanostores@1.5.3_@better-auth+utils@0.4.2_@better-fetch+fetch@1.3.1_@opentelemetry+api@1.9.1_better-call@1.4.0__zod@4.4.3_jose@6.2.12_kysely@0.29.5_nanostores@1.5.3",
        "@better-auth/telemetry@1.7.2_@better-auth+core@1.7.2__@better-auth+utils@0.4.2__@better-fetch+fetch@1.3.1__@opentelemetry+api@1.9.1__better-call@1.4.0___zod@4.4.3__jose@6.2.12__kysely@0.29.5__nanostores@1.5.3_@better-auth+utils@0.4.2_@better-fetch+fetch@1.3.1_@opentelemetry+api@1.9.1_better-call@1.4.0__zod@4.4.3_jose@6.2.12_kysely@0.29.5_nanostores@1.5.3",
        "@better-auth/utils@0.4.2",
        "@better-fetch/fetch",
        "@noble/ciphers",
        "@noble/hashes",
        "better-call",
        "defu",
        "jose",
        "kysely",
        "nanostores",
        "pg",
        "zod"
      ],
      "optionalPeers": [
        "pg"
      ]
    },
    "better-call@1.4.0_zod@4.4.3": {
      "integrity": "sha512-bBKOT4vv1kZLDgxVePdilk/Jwkn+dtRRsmi3DzHcDP+WnswyVl6dR59l2HEeP/0cB+bDoopASAesWDPIdd/zZA==",
      "dependencies": [
        "@better-auth/utils@0.5.0",
        "@better-fetch/fetch",
        "rou3",
        "set-cookie-parser",
        "zod"
      ],
      "optionalPeers": [
        "zod"
      ]
    },
    "bowser@2.14.1": {
      "integrity": "sha512-tzPjzCxygAKWFOJP011oxFHs57HzIhOEracIgAePE4pqB3LikALKnSzUyU4MGs9/iCEUuHlAJTjTc5M+u7YEGg=="
    },
    "bullmq@6.1.2_ioredis@5.11.1_pg@8.23.0": {
      "integrity": "sha512-GSX8JfWN8CElAGDyt7Zmq59n1FfWZ0L7IjsThNUQq7X8mvVVDb9I5i2F+nFg4A00UbysJ5yejN0oWzmbUJPDFg==",
      "dependencies": [
        "cron-parser",
        "ioredis",
        "msgpackr",
        "node-abort-controller",
        "pg",
        "semver",
        "tslib"
      ],
      "optionalPeers": [
        "ioredis",
        "pg"
      ]
    },
    "cluster-key-slot@1.1.1": {
      "integrity": "sha512-rwHwUfXL40Chm1r08yrhU3qpUvdVlgkKNeyeGPOxnW8/SyVDvgRaed/Uz54AqWNaTCAThlj6QAs3TZcKI0xDEw=="
    },
    "cron-parser@5.10.0": {
      "integrity": "sha512-izNAxJyRWUP8ljBoDSub5WyrVOUlT4SLGShswE7eoRBpp6QUsSycYxLBMJlbshgPBMcPT/nrfgjNY2918ayv2A==",
      "dependencies": [
        "luxon"
      ]
    },
    "cross-spawn@7.0.6": {
      "integrity": "sha512-uV2QOWP2nWzsy2aMp8aRibhi9dlzF5Hgh5SHaB9OiTGEyDTiJJyx0uy51QXdyWbtAHNua4XJzUKca3OzKUd3vA==",
      "dependencies": [
        "path-key",
        "shebang-command",
        "which"
      ]
    },
    "debug@4.4.3": {
      "integrity": "sha512-RGwwWnwQvkVfavKVt22FGLw+xYSdzARwm0ru6DhTVA3umU5hZc28V3kO4stgYryrTlLpuvgI9GiijltAjNbcqA==",
      "dependencies": [
        "ms"
      ]
    },
    "defu@6.1.7": {
      "integrity": "sha512-7z22QmUWiQ/2d0KkdYmANbRUVABpZ9SNYyH5vx6PZ+nE5bcC0l7uFvEfHlyld/HcGBFTL536ClDt3DEcSlEJAQ=="
    },
    "denque@2.1.0": {
      "integrity": "sha512-HVQE3AAb/pxF8fQAoiqpvg9i3evqug3hoiwakOyZAwJm+6vZehbkYXZ0l4JxS+I3QxM97v5aaRNhj8v5oBhekw=="
    },
    "detect-libc@2.1.2": {
      "integrity": "sha512-Btj2BOOO83o3WyH59e8MgXsxEQVcarkUOpEYrubB0urwnN10yQ364rsiByU11nZlqWYZm05i/of7io4mzihBtQ=="
    },
    "eventsource-parser@3.1.1": {
      "integrity": "sha512-EKN1vKAMcZ8MlYMpaNuxN6R9yakzH6uajHcHVTqWJzvu5pWw9DyhbP35HH8MVBQ+dZjAfDxk+A8NiR9KWaXiyQ=="
    },
    "eventsource@3.0.7": {
      "integrity": "sha512-CRT1WTyuQoD771GW56XEZFQ/ZoSfWid1alKGDYMmkt2yl8UXrVR4pspqWNEcqKvVIzg6PAltWjxcSSPrboA4iA==",
      "dependencies": [
        "eventsource-parser"
      ]
    },
    "fast-deep-equal@3.1.3": {
      "integrity": "sha512-f3qQ9oQy9j2AhBe/H9VC91wLmKBCCU/gDOnKNAYG5hswO7BLKj09Hc5HYNz9cGI++xlpDCIgDaitVs03ATR84Q=="
    },
    "fast-uri@3.1.6": {
      "integrity": "sha512-7Ical1vFEMr0onbVzEDIreM22I4khW+fzyQPwvAFWBp1iwdshSZRsL4jjRvPG9JP1uiqMHRto+YU6R2/CzDz5Q=="
    },
    "ioredis@5.11.1": {
      "integrity": "sha512-ehuGcf94bQXhfagULNXrJdfnWO38v070jxSx/qE87Kjzmu2fU7ro5EFAb+OPituLqgfyuQaym5DlrNydW2sJ9A==",
      "dependencies": [
        "@ioredis/commands",
        "cluster-key-slot",
        "debug",
        "denque",
        "redis-errors",
        "redis-parser",
        "standard-as-callback"
      ]
    },
    "isexe@2.0.0": {
      "integrity": "sha512-RHxMLp9lnKHGHRng9QFhRCMbYAcVpn69smSGcq3f36xjgVVWThj4qqLbTLlq7Ssj8B+fIQ1EuCEGI2lKsyQeIw=="
    },
    "jose@6.2.12": {
      "integrity": "sha512-9NiFmJEex0sy2Dk58j2UGBSHgUs2ypF9eZSu4L6vjOX3Dp96Sw1F3uL+H+D1sx02jZZdzUT0HgvCy59CuvXcWw=="
    },
    "json-schema-traverse@1.0.0": {
      "integrity": "sha512-NM8/P9n3XjXhIZn1lLhkFaACTOURQXjWhV4BA/RnOv8xvgqtqpAX9IO4mRQxSx1Rlo4tqzeqb0sOlruaOy3dug=="
    },
    "kysely@0.29.5": {
      "integrity": "sha512-ooa+eSbBNPTo3MycPEuW5jdrxQdQwdtB3LC3h43FiXQbIry5tR0C5lDG7eealK0E4D7XjrnOP5DIUg/LyjRMYQ=="
    },
    "luxon@3.7.2": {
      "integrity": "sha512-vtEhXh/gNjI9Yg1u4jX/0YVPMvxzHuGgCm6tC5kZyb08yjGWGnqAjGJvcXbqQR2P3MyMEFnRbpcdFS6PBcLqew=="
    },
    "ms@2.1.3": {
      "integrity": "sha512-6FlzubTLZG3J2a/NVCAleEhjzq5oxgHyaCU9yYXvcLsvoVaHJq/s5xXI6/XXP6tz7R9xAOtHnSO/tXtF3WRTlA=="
    },
    "msgpackr-extract@3.0.4": {
      "integrity": "sha512-4kmO/MdyUIkLIvTPr8VHLil4AtoKIoniWPIEk5+CDy0xnWC84azhSFmuJ7PxZdsYtiP5kEeQsORAVIeMgxT+Hw==",
      "dependencies": [
        "node-gyp-build-optional-packages"
      ],
      "optionalDependencies": [
        "@msgpackr-extract/msgpackr-extract-darwin-arm64",
        "@msgpackr-extract/msgpackr-extract-darwin-x64",
        "@msgpackr-extract/msgpackr-extract-linux-arm",
        "@msgpackr-extract/msgpackr-extract-linux-arm64",
        "@msgpackr-extract/msgpackr-extract-linux-x64",
        "@msgpackr-extract/msgpackr-extract-win32-x64"
      ],
      "scripts": true,
      "bin": true
    },
    "msgpackr@2.0.5": {
      "integrity": "sha512-cef05H/dSYpLpqp3sj/qyZh5vhUYCalnaLO7j1yOmpsR0y/XwLVtK7r5gn+U/F7CTEfMowcGhlUQJDLcLf7jcA==",
      "optionalDependencies": [
        "msgpackr-extract"
      ]
    },
    "nanostores@1.5.3": {
      "integrity": "sha512-rQLB6eV4f2AW/n3L0JmwCROpaisYy9EDEADvEFSd1C/qG8hB6O5TPlh9A791JRbJr4CnMQBzptDcvD9OR1+6WA=="
    },
    "node-abort-controller@3.1.1": {
      "integrity": "sha512-AGK2yQKIjRuqnc6VkX2Xj5d+QW8xZ87pa1UK6yA6ouUyuxfHuMP6umE5QK7UmTeOAymo+Zx1Fxiuw9rVx8taHQ=="
    },
    "node-gyp-build-optional-packages@5.2.2": {
      "integrity": "sha512-s+w+rBWnpTMwSFbaE0UXsRlg7hU4FjekKU4eyAih5T8nJuNZT1nNsskXpxmeqSK9UzkBl6UgRlnKc8hz8IEqOw==",
      "dependencies": [
        "detect-libc"
      ],
      "bin": true
    },
    "path-key@3.1.1": {
      "integrity": "sha512-ojmeN0qd+y0jszEtoY48r0Peq5dwMEkIlCOu6Q5f41lfkswXuKtYrhgoTpLnyIcHm24Uhqx+5Tqm2InSwLhE6Q=="
    },
    "pg-cloudflare@1.4.0": {
      "integrity": "sha512-Vo7z/6rrQYxpNRylp4Tlob2elzbh+N/MOQbxFVWCxS7oEx6jF53GTJFxK2WWpKuBRkmiin4Mt+xofFDjx09R0A=="
    },
    "pg-connection-string@2.14.0": {
      "integrity": "sha512-XwWDGcLRGCXAR8F/AM5bG7Q+A3Wm2s6QeEjlOKZLlH3UYcguiqCWKyWXVag5TLTIjR7oOJUY8kcADaZgWPyLeg=="
    },
    "pg-int8@1.0.1": {
      "integrity": "sha512-WCtabS6t3c8SkpDBUlb1kjOs7l66xsGdKpIPZsg4wR+B3+u9UAum2odSsF9tnvxg80h4ZxLWMy4pRjOsFIqQpw=="
    },
    "pg-pool@3.14.0_pg@8.23.0": {
      "integrity": "sha512-gKtPkFdQPU3DksooVLi9LsjZxrsBUZIpa+7aVx+LV5pNh0KzP4Zleud2po+ConrxbuXGBJ6Hfer6hdgpIBpBaw==",
      "dependencies": [
        "pg"
      ]
    },
    "pg-protocol@1.16.0": {
      "integrity": "sha512-sILXutLVjCLjcDuOmvhX5e2Z4cS5qG/6Bu3VkpFwdf/633ElGLpEh9bgmuI5I4sqKqkifQiGyiCcx1HdtrK7tg=="
    },
    "pg-types@2.2.0": {
      "integrity": "sha512-qTAAlrEsl8s4OiEQY69wDvcMIdQN6wdz5ojQiOy6YRMuynxenON0O5oCpJI6lshc6scgAY8qvJ2On/p+CXY0GA==",
      "dependencies": [
        "pg-int8",
        "postgres-array",
        "postgres-bytea",
        "postgres-date",
        "postgres-interval"
      ]
    },
    "pg@8.23.0": {
      "integrity": "sha512-Ip2EQCngowJLGOfCwkFhPXU7/ljlhn6Rxlmy4XYfL2Y+vyRM59+8uR2xqRWKdYmbXmxCFOAmKxBuSUCdF34qLg==",
      "dependencies": [
        "pg-connection-string",
        "pg-pool",
        "pg-protocol",
        "pg-types",
        "pgpass"
      ],
      "optionalDependencies": [
        "pg-cloudflare"
      ]
    },
    "pgpass@1.0.5": {
      "integrity": "sha512-FdW9r/jQZhSeohs1Z3sI1yxFQNFvMcnmfuj4WBMUTxOrAyLMaTcE1aAMBiTlbMNaXvBCQuVi0R7hd8udDSP7ug==",
      "dependencies": [
        "split2"
      ]
    },
    "pkce-challenge@5.0.1": {
      "integrity": "sha512-wQ0b/W4Fr01qtpHlqSqspcj3EhBvimsdh0KlHhH8HRZnMsEa0ea2fTULOXOS9ccQr3om+GcGRk4e+isrZWV8qQ=="
    },
    "postgres-array@2.0.0": {
      "integrity": "sha512-VpZrUqU5A69eQyW2c5CA1jtLecCsN2U/bD6VilrFDWq5+5UIEVO7nazS3TEcHf1zuPYO/sqGvUvW62g86RXZuA=="
    },
    "postgres-bytea@1.0.1": {
      "integrity": "sha512-5+5HqXnsZPE65IJZSMkZtURARZelel2oXUEO8rH83VS/hxH5vv1uHquPg5wZs8yMAfdv971IU+kcPUczi7NVBQ=="
    },
    "postgres-date@1.0.7": {
      "integrity": "sha512-suDmjLVQg78nMK2UZ454hAG+OAW+HQPZ6n++TNDUX+L0+uUlLywnoxJKDou51Zm+zTCjrCl0Nq6J9C5hP9vK/Q=="
    },
    "postgres-interval@1.2.0": {
      "integrity": "sha512-9ZhXKM/rw350N1ovuWHbGxnGh/SNJ4cnxHiM0rxE4VN41wsg8P8zWn9hv/buK00RP4WvlOyr/RBDiptyxVbkZQ==",
      "dependencies": [
        "xtend"
      ]
    },
    "redis-errors@1.2.0": {
      "integrity": "sha512-1qny3OExCf0UvUV/5wpYKf2YwPcOqXzkwKKSmKHiE6ZMQs5heeE/c8eXK+PNllPvmjgAbfnsbpkGZWy8cBpn9w=="
    },
    "redis-parser@3.0.0": {
      "integrity": "sha512-DJnGAeenTdpMEH6uAJRK/uiyEIH9WVsUmoLwzudwGJUwZPp80PDBWPHXSAGNPwNvIXAbe7MSUB1zQFugFml66A==",
      "dependencies": [
        "redis-errors"
      ]
    },
    "require-from-string@2.0.2": {
      "integrity": "sha512-Xf0nWe6RseziFMu+Ap9biiUbmplq6S9/p+7w7YXP/JBHhrUDDUhwa+vANyubuqfZWTveU//DYVGsDG7RKL/vEw=="
    },
    "rou3@0.9.2": {
      "integrity": "sha512-3SOzvaAg8rkHrXtRjpCvCvbyO5to9oOO27Z/XqHEYXfMRVSw/qMIVdmaOk9W2lcRLtR6dlqTjo9hDeJk70QBYQ=="
    },
    "semver@7.8.5": {
      "integrity": "sha512-Y7/KDsb8LjooZpwaqGyulO6DQlksgCncchHGk+sZIY4SBvUocMBEFH5Ur1fI4dV+Jvl0w6cjvucaIi40puRioA==",
      "bin": true
    },
    "set-cookie-parser@3.1.2": {
      "integrity": "sha512-5/r/lTwbJ3zQ+qwdUFZYeRNqda7P5HD8zQKqlSjdGt1/S0cjLAphHusj4Y58ahDtWn/g32xrIS58/ikOvwl0Lw=="
    },
    "shebang-command@2.0.0": {
      "integrity": "sha512-kHxr2zZpYtdmrN1qDjrrX/Z1rR1kG8Dx+gkpK1G4eXmvXswmcE1hTWBWYUzlraYw1/yZp6YuDY77YtvbN0dmDA==",
      "dependencies": [
        "shebang-regex"
      ]
    },
    "shebang-regex@3.0.0": {
      "integrity": "sha512-7++dFhtcx3353uBaq8DDR4NuxBetBzC7ZQOhmTQInHEd6bSrXdiEyzCvG07Z44UYdLShWUyXt5M/yhz8ekcb1A=="
    },
    "split2@4.2.0": {
      "integrity": "sha512-UcjcJOWknrNkF6PLX83qcHM6KHgVKNkV62Y8a5uYDVv9ydGQVwAHMKqHdJje1VTWpljG0WYpCDhrCdAOYH4TWg=="
    },
    "standard-as-callback@2.1.0": {
      "integrity": "sha512-qoRRSyROncaz1z0mvYqIE4lCd9p2R90i6GxW3uZv5ucSu8tU7B5HXUP1gG8pVZsYNVaXjk8ClXHPttLyxAL48A=="
    },
    "tslib@2.8.1": {
      "integrity": "sha512-oJFu94HQb+KVduSUQL7wnpmqnfmLsOA/nAh6b6EH0wCEoK0/mPeXU6c3wKDV83MkOuHPRHtSXKKU99IBazS/2w=="
    },
    "which@2.0.2": {
      "integrity": "sha512-BLI3Tl1TW3Pvl70l3yq3Y64i+awpwXqsGBYWkkqMtnbXgrMD+yj7rhW0kuEDxzJaYXGjEW5ogapKNMEKNMjibA==",
      "dependencies": [
        "isexe"
      ],
      "bin": true
    },
    "xtend@4.0.2": {
      "integrity": "sha512-LKYU1iAXJXUgAXn9URjiu+MWhyUXHsvfp7mcuYm9dSUKK0/CjtrUwFAxD82/mCWbtLsGjFIad0wIsod4zrTAEQ=="
    },
    "zod@4.4.3": {
      "integrity": "sha512-ytENFjIJFl2UwYglde2jchW2Hwm4GJFLDiSXWdTrJQBIN9Fcyp7n4DhxJEiWNAJMV1/BqWfW/kkg71UDcHJyTQ=="
    }
  },
  "workspace": {
    "dependencies": [
      "jsr:@hono/hono@^4.13.2",
      "jsr:@std/assert@^1.0.19",
      "npm:@better-auth/mcp@1.7.2",
      "npm:@modelcontextprotocol/client@2.0.0",
      "npm:@modelcontextprotocol/server@2.0.0",
      "npm:better-auth@1.7.2",
      "npm:bullmq@6.1.2",
      "npm:ioredis@5.11.1",
      "npm:kysely@~0.29.5",
      "npm:pg@^8.23.0",
      "npm:zod@4.4.3"
    ],
    "members": {
      "apps/worker": {
        "dependencies": [
          "npm:ajv@8.20.0"
        ]
      },
      "packages/application": {
        "dependencies": [
          "jsr:@std/assert@^1.0.19",
          "npm:@opentelemetry/api@1",
          "npm:ioredis@5.11.1",
          "npm:kysely@~0.29.5",
          "npm:pg@^8.23.0"
        ]
      },
      "packages/artifacts": {
        "dependencies": [
          "jsr:@std/assert@1.0.19",
          "npm:@aws-sdk/client-s3@3.1116.0",
          "npm:pg@8.23.0"
        ]
      },
      "packages/auth": {
        "dependencies": [
          "npm:@better-auth/core@1.7.2"
        ]
      },
      "packages/mcp": {
        "dependencies": [
          "jsr:@std/assert@^1.0.19",
          "npm:@modelcontextprotocol/client@2.0.0",
          "npm:@modelcontextprotocol/server@2.0.0",
          "npm:zod@4.4.3"
        ]
      },
      "packages/metering": {
        "dependencies": [
          "jsr:@std/assert@^1.0.19",
          "npm:pg@^8.23.0"
        ]
      },
      "packages/observability": {
        "dependencies": [
          "jsr:@std/assert@^1.0.19",
          "npm:@opentelemetry/api@1"
        ]
      },
      "packages/scheduler": {
        "dependencies": [
          "jsr:@std/assert@^1.0.19",
          "npm:ioredis@5.11.1"
        ]
      },
      "packages/storage": {
        "dependencies": [
          "jsr:@std/assert@1.0.19",
          "npm:@aws-sdk/client-s3@3.1116.0",
          "npm:@aws-sdk/s3-request-presigner@3.1116.0"
        ]
      }
    }
  }
}
